
Microsoft Visual Studio Solution File, Format Version 12.00
# Visual Studio Version 17
VisualStudioVersion = 17.2.32519.379
MinimumVisualStudioVersion = 10.0.40219.1
Project("{FAE04EC0-301F-11D3-BF4B-00C04F79EFBC}") = "Tue052022", "Tue052022\Tue052022.csproj", "{404356DA-BE21-468D-A44F-CA68785FB9D9}"
EndProject
Global
	GlobalSection(SolutionConfigurationPlatforms) = preSolution
		Debug|Any CPU = Debug|Any CPU
		Release|Any CPU = Release|Any CPU
	EndGlobalSection
	GlobalSection(ProjectConfigurationPlatforms) = postSolution
		{404356DA-BE21-468D-A44F-CA68785FB9D9}.Debug|Any CPU.ActiveCfg = Debug|Any CPU
		{404356DA-BE21-468D-A44F-CA68785FB9D9}.Debug|Any CPU.Build.0 = Debug|Any CPU
		{404356DA-BE21-468D-A44F-CA68785FB9D9}.Release|Any CPU.ActiveCfg = Release|Any CPU
		{404356DA-BE21-468D-A44F-CA68785FB9D9}.Release|Any CPU.Build.0 = Release|Any CPU
	EndGlobalSection
	GlobalSection(SolutionProperties) = preSolution
		HideSolutionNode = FALSE
	EndGlobalSection
	GlobalSection(ExtensibilityGlobals) = postSolution
		SolutionGuid = {E0F92AE9-1647-40E5-A427-26C3563A64DE}
	EndGlobalSection
EndGlobal
